
Microsoft Visual Studio Solution File, Format Version 12.00
# Visual Studio Version 17
VisualStudioVersion = 17.5.002.0
MinimumVisualStudioVersion = 10.0.40219.1
Project("{9A19103F-16F7-4668-BE54-9A1E7A4F7556}") = "NBAWebApp", "NBAWebApp.csproj", "{5A7DA173-B680-45A0-8344-24262EF9E4DC}"
EndProject
Global
	GlobalSection(SolutionConfigurationPlatforms) = preSolution
		Debug|Any CPU = Debug|Any CPU
		Release|Any CPU = Release|Any CPU
	EndGlobalSection
	GlobalSection(ProjectConfigurationPlatforms) = postSolution
		{5A7DA173-B680-45A0-8344-24262EF9E4DC}.Debug|Any CPU.ActiveCfg = Debug|Any CPU
		{5A7DA173-B680-45A0-8344-24262EF9E4DC}.Debug|Any CPU.Build.0 = Debug|Any CPU
		{5A7DA173-B680-45A0-8344-24262EF9E4DC}.Release|Any CPU.ActiveCfg = Release|Any CPU
		{5A7DA173-B680-45A0-8344-24262EF9E4DC}.Release|Any CPU.Build.0 = Release|Any CPU
	EndGlobalSection
	GlobalSection(SolutionProperties) = preSolution
		HideSolutionNode = FALSE
	EndGlobalSection
	GlobalSection(ExtensibilityGlobals) = postSolution
		SolutionGuid = {302FFC9B-345B-456F-9BF3-BA60E5C4DB6F}
	EndGlobalSection
EndGlobal
